
Microsoft Visual Studio Solution File, Format Version 12.00
# Visual Studio Version 17
VisualStudioVersion = 17.6.33712.159
MinimumVisualStudioVersion = 10.0.40219.1
Project("{9A19103F-16F7-4668-BE54-9A1E7A4F7556}") = "USOS", "USOS\USOS.csproj", "{416CD462-A650-4BBE-B098-A92BA1229E31}"
EndProject
Project("{FAE04EC0-301F-11D3-BF4B-00C04F79EFBC}") = "USOS.LecturerTests", "USOS.LecturerTests\USOS.LecturerTests.csproj", "{FEAE1D82-6C7B-49FB-BF6A-312F4FA7FF0B}"
EndProject
Global
	GlobalSection(SolutionConfigurationPlatforms) = preSolution
		Debug|Any CPU = Debug|Any CPU
		Release|Any CPU = Release|Any CPU
	EndGlobalSection
	GlobalSection(ProjectConfigurationPlatforms) = postSolution
		{416CD462-A650-4BBE-B098-A92BA1229E31}.Debug|Any CPU.ActiveCfg = Debug|Any CPU
		{416CD462-A650-4BBE-B098-A92BA1229E31}.Debug|Any CPU.Build.0 = Debug|Any CPU
		{416CD462-A650-4BBE-B098-A92BA1229E31}.Release|Any CPU.ActiveCfg = Release|Any CPU
		{416CD462-A650-4BBE-B098-A92BA1229E31}.Release|Any CPU.Build.0 = Release|Any CPU
		{FEAE1D82-6C7B-49FB-BF6A-312F4FA7FF0B}.Debug|Any CPU.ActiveCfg = Debug|Any CPU
		{FEAE1D82-6C7B-49FB-BF6A-312F4FA7FF0B}.Debug|Any CPU.Build.0 = Debug|Any CPU
		{FEAE1D82-6C7B-49FB-BF6A-312F4FA7FF0B}.Release|Any CPU.ActiveCfg = Release|Any CPU
		{FEAE1D82-6C7B-49FB-BF6A-312F4FA7FF0B}.Release|Any CPU.Build.0 = Release|Any CPU
	EndGlobalSection
	GlobalSection(SolutionProperties) = preSolution
		HideSolutionNode = FALSE
	EndGlobalSection
	GlobalSection(ExtensibilityGlobals) = postSolution
		SolutionGuid = {60C5CCFF-C831-4C03-822A-2D957716A17F}
	EndGlobalSection
EndGlobal
